
Microsoft Visual Studio Solution File, Format Version 11.00
# Visual Studio 2010
Project("{FAE04EC0-301F-11D3-BF4B-00C04F79EFBC}") = "Assembly-CSharp", "Assembly-CSharp.csproj", "{6393a23c-4914-6d62-5647-70c43e9a9bd5}"
EndProject
Project("{FAE04EC0-301F-11D3-BF4B-00C04F79EFBC}") = "Assembly-CSharp-Editor", "Assembly-CSharp-Editor.csproj", "{052c40bb-2fd3-6e19-01f1-4aceb251333b}"
EndProject
Global
	GlobalSection(SolutionConfigurationPlatforms) = preSolution
		Debug|Any CPU = Debug|Any CPU
	EndGlobalSection
	GlobalSection(ProjectConfigurationPlatforms) = postSolution
		{6393a23c-4914-6d62-5647-70c43e9a9bd5}.Debug|Any CPU.ActiveCfg = Debug|Any CPU
		{6393a23c-4914-6d62-5647-70c43e9a9bd5}.Debug|Any CPU.Build.0 = Debug|Any CPU
		{052c40bb-2fd3-6e19-01f1-4aceb251333b}.Debug|Any CPU.ActiveCfg = Debug|Any CPU
		{052c40bb-2fd3-6e19-01f1-4aceb251333b}.Debug|Any CPU.Build.0 = Debug|Any CPU
	EndGlobalSection
	GlobalSection(SolutionProperties) = preSolution
		HideSolutionNode = FALSE
	EndGlobalSection
EndGlobal
